# This file is autogenerated, do not edit; changes may be undone by the next 'dep ensure'.


[[projects]]
  branch = "master"
  digest = "1:a43533baccdb3c8c2b849c932d70f56df8e2b83c6861c529dee8a031d69fa3cc"
  name = "github.com/MichaelTJones/walk"
  packages = ["."]
  pruneopts = "UT"
  revision = "4748e29d5718c2df4028a6543edf86fd8cc0f881"

[[projects]]
  branch = "master"
  digest = "1:a20e14938e32d4c4acff7f01af5cc9f22cbdd0e23d78dd044cc6ee02180059a4"
  name = "github.com/OdaDaisuke/grpc_shopping"
  packages = ["pb"]
  pruneopts = "UT"
  revision = "f17b583c5291f01334bd5dafd1967be5c706df9b"

[[projects]]
  digest = "1:239c4c7fd2159585454003d9be7207167970194216193a8a210b8d29576f19c9"
  name = "github.com/golang/protobuf"
  packages = [
    "proto",
    "ptypes",
    "ptypes/any",
    "ptypes/duration",
    "ptypes/timestamp",
  ]
  pruneopts = "UT"
  revision = "b5d812f8a3706043e23a9cd5babf2e5423744d30"
  version = "v1.3.1"

[[projects]]
  digest = "1:a63c682ade905caad3fb0a036f6e6cb72ee90743f39664c5643014e0b6ad0f02"
  name = "github.com/grpc-ecosystem/go-grpc-middleware"
  packages = [
    ".",
    "auth",
    "recovery",
    "tags",
    "util/metautils",
  ]
  pruneopts = "UT"
  revision = "c250d6563d4d4c20252cd865923440e829844f4e"
  version = "v1.0.0"

[[projects]]
  branch = "master"
  digest = "1:0778dc7fce1b4669a8bfa7ae506ec1f595b6ab0f8989c1c0d22a8ca1144e9972"
  name = "github.com/howeyc/gopass"
  packages = ["."]
  pruneopts = "UT"
  revision = "bf9dde6d0d2c004a008c27aaee91170c786f6db8"

[[projects]]
  digest = "1:2fa7b0155cd54479a755c629de26f888a918e13f8857a2c442205d825368e084"
  name = "github.com/mattn/go-colorable"
  packages = ["."]
  pruneopts = "UT"
  revision = "3a70a971f94a22f2fa562ffcc7a0eb45f5daf045"
  version = "v0.1.1"

[[projects]]
  digest = "1:e150b5fafbd7607e2d638e4e5cf43aa4100124e5593385147b0a74e2733d8b0d"
  name = "github.com/mattn/go-isatty"
  packages = ["."]
  pruneopts = "UT"
  revision = "c2a7a6ca930a4cd0bc33a3f298eb71960732a3a7"
  version = "v0.0.7"

[[projects]]
  branch = "master"
  digest = "1:2b32af4d2a529083275afc192d1067d8126b578c7a9613b26600e4df9c735155"
  name = "github.com/mgutz/ansi"
  packages = ["."]
  pruneopts = "UT"
  revision = "9520e82c474b0a04dd04f8a40959027271bab992"

[[projects]]
  branch = "master"
  digest = "1:1e6768c349cb08d80a2c39224d325fed93d5d41df93df66444bdc22ef8613dc1"
  name = "github.com/mgutz/minimist"
  packages = ["."]
  pruneopts = "UT"
  revision = "39eb8cf573ca29344bd7d7e6ba4d7febdebd37a9"

[[projects]]
  digest = "1:c182b8d45f3687b6c148eec6de90cda533ef58ee9e55a917a466597deec4878f"
  name = "github.com/mgutz/str"
  packages = ["."]
  pruneopts = "UT"
  revision = "968bf66e3da857419e4f6e71b2d5c9ae95682dc4"
  version = "v1.2.0"

[[projects]]
  digest = "1:124ed46e55fae0c87b2a96ce3f2b918df69a5a40f32b12b049a6fae12965a4f1"
  name = "github.com/mgutz/to"
  packages = ["."]
  pruneopts = "UT"
  revision = "00c06406c2dd2e011f153a6502a21473676db33f"
  version = "v1.0.0"

[[projects]]
  digest = "1:f6932ea98e86ea2ef88f9927b55d614884403620b81ac13cac81882314de55ca"
  name = "github.com/nozzle/throttler"
  packages = ["."]
  pruneopts = "UT"
  revision = "93e5576933fecb0d3fb25f2d2e50a012efd93ca0"
  version = "v1.1"

[[projects]]
  branch = "master"
  digest = "1:bbe51412d9915d64ffaa96b51d409e070665efc5194fcf145c4a27d4133107a4"
  name = "golang.org/x/crypto"
  packages = ["ssh/terminal"]
  pruneopts = "UT"
  revision = "88737f569e3a9c7ab309cdc09a07fe7fc87233c3"

[[projects]]
  branch = "master"
  digest = "1:a7550c619a7f9701bc2f0b2c866668a207cfb693a2834796f723d2c78b514372"
  name = "golang.org/x/net"
  packages = [
    "context",
    "http/httpguts",
    "http2",
    "http2/hpack",
    "idna",
    "internal/timeseries",
    "trace",
  ]
  pruneopts = "UT"
  revision = "eb5bcb51f2a31c7d5141d810b70815c05d9c9146"

[[projects]]
  branch = "master"
  digest = "1:1057f217b8dc6524b1c44809fface8db9efdd7ed87f65c26c0b9ba21c50a54b8"
  name = "golang.org/x/sys"
  packages = [
    "unix",
    "windows",
  ]
  pruneopts = "UT"
  revision = "97732733099d6a942a73b889770774366de963ed"

[[projects]]
  digest = "1:a2ab62866c75542dd18d2b069fec854577a20211d7c0ea6ae746072a1dccdd18"
  name = "golang.org/x/text"
  packages = [
    "collate",
    "collate/build",
    "internal/colltab",
    "internal/gen",
    "internal/tag",
    "internal/triegen",
    "internal/ucd",
    "language",
    "secure/bidirule",
    "transform",
    "unicode/bidi",
    "unicode/cldr",
    "unicode/norm",
    "unicode/rangetable",
  ]
  pruneopts = "UT"
  revision = "f21a4dfb5e38f5895301dc265a8def02365cc3d0"
  version = "v0.3.0"

[[projects]]
  branch = "master"
  digest = "1:c3076e7defee87de1236f1814beb588f40a75544c60121e6eb38b3b3721783e2"
  name = "google.golang.org/genproto"
  packages = ["googleapis/rpc/status"]
  pruneopts = "UT"
  revision = "64821d5d210748c883cd2b809589555ae4654203"

[[projects]]
  digest = "1:31d87f39886fb38a2b6c097ff3b9f985d6960772170d64a68246f7790e955746"
  name = "google.golang.org/grpc"
  packages = [
    ".",
    "balancer",
    "balancer/base",
    "balancer/roundrobin",
    "binarylog/grpc_binarylog_v1",
    "codes",
    "connectivity",
    "credentials",
    "credentials/internal",
    "encoding",
    "encoding/proto",
    "grpclog",
    "internal",
    "internal/backoff",
    "internal/balancerload",
    "internal/binarylog",
    "internal/channelz",
    "internal/envconfig",
    "internal/grpcrand",
    "internal/grpcsync",
    "internal/syscall",
    "internal/transport",
    "keepalive",
    "metadata",
    "naming",
    "peer",
    "resolver",
    "resolver/dns",
    "resolver/passthrough",
    "stats",
    "status",
    "tap",
  ]
  pruneopts = "UT"
  revision = "236199dd5f8031d698fb64091194aecd1c3895b2"
  version = "v1.20.0"

[[projects]]
  digest = "1:5f6b4da023890e325d29ac3212cada4a2ee006b108ba6c4022b8cee56fee31d1"
  name = "gopkg.in/godo.v2"
  packages = [
    ".",
    "glob",
    "util",
    "watcher",
    "watcher/fswatch",
  ]
  pruneopts = "UT"
  revision = "b5fd2f0bef1ebe832e628cfad18ab1cc707f65a1"
  version = "v2.0.9"

[solve-meta]
  analyzer-name = "dep"
  analyzer-version = 1
  input-imports = [
    "github.com/OdaDaisuke/grpc_shopping/pb",
    "github.com/grpc-ecosystem/go-grpc-middleware",
    "github.com/grpc-ecosystem/go-grpc-middleware/auth",
    "github.com/grpc-ecosystem/go-grpc-middleware/recovery",
    "github.com/grpc-ecosystem/go-grpc-middleware/tags",
    "google.golang.org/grpc",
    "gopkg.in/godo.v2",
  ]
  solver-name = "gps-cdcl"
  solver-version = 1
